
Microsoft Visual Studio Solution File, Format Version 12.00
# Visual Studio 2012
Project("{FAE04EC0-301F-11D3-BF4B-00C04F79EFBC}") = "h4tcbvnotification", "h4tcbvnotification\h4tcbvnotification.csproj", "{D43460C0-A967-4F5D-AE52-BB487EBBC860}"
EndProject
Global
	GlobalSection(SolutionConfigurationPlatforms) = preSolution
		Debug|Any CPU = Debug|Any CPU
		Release|Any CPU = Release|Any CPU
	EndGlobalSection
	GlobalSection(ProjectConfigurationPlatforms) = postSolution
		{D43460C0-A967-4F5D-AE52-BB487EBBC860}.Debug|Any CPU.ActiveCfg = Debug|Any CPU
		{D43460C0-A967-4F5D-AE52-BB487EBBC860}.Debug|Any CPU.Build.0 = Debug|Any CPU
		{D43460C0-A967-4F5D-AE52-BB487EBBC860}.Release|Any CPU.ActiveCfg = Release|Any CPU
		{D43460C0-A967-4F5D-AE52-BB487EBBC860}.Release|Any CPU.Build.0 = Release|Any CPU
	EndGlobalSection
EndGlobal
